
Microsoft Visual Studio Solution File, Format Version 12.00
# Visual Studio 2012
Project("{FAE04EC0-301F-11D3-BF4B-00C04F79EFBC}") = "Calculator", "Calculator\Calculator.csproj", "{A03409CF-D0F3-4CE2-8B87-A7B5F3802CA5}"
EndProject
Project("{FAE04EC0-301F-11D3-BF4B-00C04F79EFBC}") = "Calculator.Specs", "Calculator.Specs\Calculator.Specs.csproj", "{DDCDB3C3-7D90-40CA-9155-788A444AB66E}"
EndProject
Global
	GlobalSection(SolutionConfigurationPlatforms) = preSolution
		Debug|Any CPU = Debug|Any CPU
		Release|Any CPU = Release|Any CPU
	EndGlobalSection
	GlobalSection(ProjectConfigurationPlatforms) = postSolution
		{A03409CF-D0F3-4CE2-8B87-A7B5F3802CA5}.Debug|Any CPU.ActiveCfg = Debug|Any CPU
		{A03409CF-D0F3-4CE2-8B87-A7B5F3802CA5}.Debug|Any CPU.Build.0 = Debug|Any CPU
		{A03409CF-D0F3-4CE2-8B87-A7B5F3802CA5}.Release|Any CPU.ActiveCfg = Release|Any CPU
		{A03409CF-D0F3-4CE2-8B87-A7B5F3802CA5}.Release|Any CPU.Build.0 = Release|Any CPU
		{DDCDB3C3-7D90-40CA-9155-788A444AB66E}.Debug|Any CPU.ActiveCfg = Debug|Any CPU
		{DDCDB3C3-7D90-40CA-9155-788A444AB66E}.Debug|Any CPU.Build.0 = Debug|Any CPU
		{DDCDB3C3-7D90-40CA-9155-788A444AB66E}.Release|Any CPU.ActiveCfg = Release|Any CPU
		{DDCDB3C3-7D90-40CA-9155-788A444AB66E}.Release|Any CPU.Build.0 = Release|Any CPU
	EndGlobalSection
	GlobalSection(SolutionProperties) = preSolution
		HideSolutionNode = FALSE
	EndGlobalSection
EndGlobal
